
Microsoft Visual Studio Solution File, Format Version 12.00
# Visual Studio 15
VisualStudioVersion = 15.0.28307.271
MinimumVisualStudioVersion = 10.0.40219.1
Project("{FAE04EC0-301F-11D3-BF4B-00C04F79EFBC}") = "SomeDbProject", "SomeDbProject\SomeDbProject.csproj", "{B03D53F4-F921-46B5-81B7-341129368CBE}"
EndProject
Global
	GlobalSection(SolutionConfigurationPlatforms) = preSolution
		Debug|Any CPU = Debug|Any CPU
		Release|Any CPU = Release|Any CPU
	EndGlobalSection
	GlobalSection(ProjectConfigurationPlatforms) = postSolution
		{B03D53F4-F921-46B5-81B7-341129368CBE}.Debug|Any CPU.ActiveCfg = Debug|Any CPU
		{B03D53F4-F921-46B5-81B7-341129368CBE}.Debug|Any CPU.Build.0 = Debug|Any CPU
		{B03D53F4-F921-46B5-81B7-341129368CBE}.Release|Any CPU.ActiveCfg = Release|Any CPU
		{B03D53F4-F921-46B5-81B7-341129368CBE}.Release|Any CPU.Build.0 = Release|Any CPU
	EndGlobalSection
	GlobalSection(SolutionProperties) = preSolution
		HideSolutionNode = FALSE
	EndGlobalSection
	GlobalSection(ExtensibilityGlobals) = postSolution
		SolutionGuid = {C883A88F-490A-4309-A1E0-62DADC31D6E2}
	EndGlobalSection
EndGlobal
